
Microsoft Visual Studio Solution File, Format Version 12.00
# Visual Studio Version 17
VisualStudioVersion = 17.11.35303.130
MinimumVisualStudioVersion = 10.0.40219.1
Project("{FAE04EC0-301F-11D3-BF4B-00C04F79EFBC}") = "QuickMart Ecommerce API", "QuickMart Ecommerce API\QuickMart Ecommerce API.csproj", "{02C7C1DE-6E63-4BF6-9007-D70C7055A10B}"
EndProject
Global
	GlobalSection(SolutionConfigurationPlatforms) = preSolution
		Debug|Any CPU = Debug|Any CPU
		Release|Any CPU = Release|Any CPU
	EndGlobalSection
	GlobalSection(ProjectConfigurationPlatforms) = postSolution
		{02C7C1DE-6E63-4BF6-9007-D70C7055A10B}.Debug|Any CPU.ActiveCfg = Debug|Any CPU
		{02C7C1DE-6E63-4BF6-9007-D70C7055A10B}.Debug|Any CPU.Build.0 = Debug|Any CPU
		{02C7C1DE-6E63-4BF6-9007-D70C7055A10B}.Release|Any CPU.ActiveCfg = Release|Any CPU
		{02C7C1DE-6E63-4BF6-9007-D70C7055A10B}.Release|Any CPU.Build.0 = Release|Any CPU
	EndGlobalSection
	GlobalSection(SolutionProperties) = preSolution
		HideSolutionNode = FALSE
	EndGlobalSection
	GlobalSection(ExtensibilityGlobals) = postSolution
		SolutionGuid = {CCDEF309-B8C3-4118-9CDE-B77DC5C20586}
	EndGlobalSection
EndGlobal
