
Microsoft Visual Studio Solution File, Format Version 12.00
# Visual Studio Version 17
VisualStudioVersion = 17.11.35303.130
MinimumVisualStudioVersion = 10.0.40219.1
Project("{9A19103F-16F7-4668-BE54-9A1E7A4F7556}") = "API", "QuickMart Ecommerce API\API.csproj", "{02C7C1DE-6E63-4BF6-9007-D70C7055A10B}"
EndProject
Project("{FAE04EC0-301F-11D3-BF4B-00C04F79EFBC}") = "Core", "Core\Core.csproj", "{08BB0A8E-BCB9-4912-AB2F-7BD960900262}"
EndProject
Project("{FAE04EC0-301F-11D3-BF4B-00C04F79EFBC}") = "Infrastructure", "Infrastructure\Infrastructure.csproj", "{1A214C28-5A05-4F83-B2C1-CFF1B86D1C1C}"
EndProject
Global
	GlobalSection(SolutionConfigurationPlatforms) = preSolution
		Debug|Any CPU = Debug|Any CPU
		Release|Any CPU = Release|Any CPU
	EndGlobalSection
	GlobalSection(ProjectConfigurationPlatforms) = postSolution
		{02C7C1DE-6E63-4BF6-9007-D70C7055A10B}.Debug|Any CPU.ActiveCfg = Debug|Any CPU
		{02C7C1DE-6E63-4BF6-9007-D70C7055A10B}.Debug|Any CPU.Build.0 = Debug|Any CPU
		{02C7C1DE-6E63-4BF6-9007-D70C7055A10B}.Release|Any CPU.ActiveCfg = Release|Any CPU
		{02C7C1DE-6E63-4BF6-9007-D70C7055A10B}.Release|Any CPU.Build.0 = Release|Any CPU
		{08BB0A8E-BCB9-4912-AB2F-7BD960900262}.Debug|Any CPU.ActiveCfg = Debug|Any CPU
		{08BB0A8E-BCB9-4912-AB2F-7BD960900262}.Debug|Any CPU.Build.0 = Debug|Any CPU
		{08BB0A8E-BCB9-4912-AB2F-7BD960900262}.Release|Any CPU.ActiveCfg = Release|Any CPU
		{08BB0A8E-BCB9-4912-AB2F-7BD960900262}.Release|Any CPU.Build.0 = Release|Any CPU
		{1A214C28-5A05-4F83-B2C1-CFF1B86D1C1C}.Debug|Any CPU.ActiveCfg = Debug|Any CPU
		{1A214C28-5A05-4F83-B2C1-CFF1B86D1C1C}.Debug|Any CPU.Build.0 = Debug|Any CPU
		{1A214C28-5A05-4F83-B2C1-CFF1B86D1C1C}.Release|Any CPU.ActiveCfg = Release|Any CPU
		{1A214C28-5A05-4F83-B2C1-CFF1B86D1C1C}.Release|Any CPU.Build.0 = Release|Any CPU
	EndGlobalSection
	GlobalSection(SolutionProperties) = preSolution
		HideSolutionNode = FALSE
	EndGlobalSection
	GlobalSection(ExtensibilityGlobals) = postSolution
		SolutionGuid = {CCDEF309-B8C3-4118-9CDE-B77DC5C20586}
	EndGlobalSection
EndGlobal
